{
  "meteor": {},
  "dependencies": {
    "basePackages": {
      "npm": {},
      "less-bootstrap-3": {},
      "font-awesome-4-less": {}
    },
    "packages": {
      "npm": {
        "git": "https://github.com/arunoda/meteor-npm.git",
        "tag": "v0.2.6",
        "commit": "177ab6118de5bf8cffb19481343d5762ff7a2aaf"
      },
      "less-bootstrap-3": {
        "git": "https://github.com/DerMambo/less-bootstrap-3.git",
        "tag": "v0.0.1",
        "commit": "1321ac0ebc809bc354186b96f4c28b7042e38507"
      },
      "font-awesome-4-less": {
        "git": "https://github.com/svub/fontawesome4-less.git",
        "tag": "v4.3.7",
        "commit": "21f60350cd238fb7053132f42409a3090f76939e"
      }
    }
  }
}
