// !$*UTF8*$!
{
	archiveVersion = 1;
	classes = {
	};
	objectVersion = 46;
	objects = {

/* Begin PBXBuildFile section */
		496B2080194245D200AEB5E6 /* AFHTTPRequestOperation.m in Sources */ = {isa = PBXBuildFile; fileRef = 496B2002194245D200AEB5E6 /* AFHTTPRequestOperation.m */; };
		496B2081194245D200AEB5E6 /* AFHTTPRequestOperationManager.m in Sources */ = {isa = PBXBuildFile; fileRef = 496B2004194245D200AEB5E6 /* AFHTTPRequestOperationManager.m */; };
		496B2082194245D200AEB5E6 /* AFHTTPSessionManager.m in Sources */ = {isa = PBXBuildFile; fileRef = 496B2006194245D200AEB5E6 /* AFHTTPSessionManager.m */; };
		496B2083194245D200AEB5E6 /* AFNetworkReachabilityManager.m in Sources */ = {isa = PBXBuildFile; fileRef = 496B2009194245D200AEB5E6 /* AFNetworkReachabilityManager.m */; };
		496B2084194245D200AEB5E6 /* AFSecurityPolicy.m in Sources */ = {isa = PBXBuildFile; fileRef = 496B200B194245D200AEB5E6 /* AFSecurityPolicy.m */; };
		496B2085194245D200AEB5E6 /* AFURLConnectionOperation.m in Sources */ = {isa = PBXBuildFile; fileRef = 496B200D194245D200AEB5E6 /* AFURLConnectionOperation.m */; };
		496B2086194245D200AEB5E6 /* AFURLRequestSerialization.m in Sources */ = {isa = PBXBuildFile; fileRef = 496B200F194245D200AEB5E6 /* AFURLRequestSerialization.m */; };
		496B2087194245D200AEB5E6 /* AFURLResponseSerialization.m in Sources */ = {isa = PBXBuildFile; fileRef = 496B2011194245D200AEB5E6 /* AFURLResponseSerialization.m */; };
		496B2088194245D200AEB5E6 /* AFURLSessionManager.m in Sources */ = {isa = PBXBuildFile; fileRef = 496B2013194245D200AEB5E6 /* AFURLSessionManager.m */; };
		496B2089194245D200AEB5E6 /* BSONIdGenerator.m in Sources */ = {isa = PBXBuildFile; fileRef = 496B2016194245D200AEB5E6 /* BSONIdGenerator.m */; };
		496B208A194245D200AEB5E6 /* DependencyProvider.m in Sources */ = {isa = PBXBuildFile; fileRef = 496B2018194245D200AEB5E6 /* DependencyProvider.m */; };
		496B208B194245D200AEB5E6 /* libcrypto.a in Frameworks */ = {isa = PBXBuildFile; fileRef = 496B2019194245D200AEB5E6 /* libcrypto.a */; };
		496B208C194245D200AEB5E6 /* MeteorClient+Parsing.m in Sources */ = {isa = PBXBuildFile; fileRef = 496B201A194245D200AEB5E6 /* MeteorClient+Parsing.m */; };
		496B208D194245D200AEB5E6 /* MeteorClient.m in Sources */ = {isa = PBXBuildFile; fileRef = 496B201D194245D200AEB5E6 /* MeteorClient.m */; };
		496B208E194245D200AEB5E6 /* ObjectiveDDP.m in Sources */ = {isa = PBXBuildFile; fileRef = 496B2020194245D200AEB5E6 /* ObjectiveDDP.m */; };
		496B208F194245D200AEB5E6 /* srp.c in Sources */ = {isa = PBXBuildFile; fileRef = 496B206D194245D200AEB5E6 /* srp.c */; };
		496B2090194245D200AEB5E6 /* Opentok.framework in Frameworks */ = {isa = PBXBuildFile; fileRef = 496B2070194245D200AEB5E6 /* Opentok.framework */; };
		496B2091194245D200AEB5E6 /* SocketIO.m in Sources */ = {isa = PBXBuildFile; fileRef = 496B2073194245D200AEB5E6 /* SocketIO.m */; };
		496B2092194245D200AEB5E6 /* SocketIOJSONSerialization.m in Sources */ = {isa = PBXBuildFile; fileRef = 496B2075194245D200AEB5E6 /* SocketIOJSONSerialization.m */; };
		496B2093194245D200AEB5E6 /* SocketIOPacket.m in Sources */ = {isa = PBXBuildFile; fileRef = 496B2077194245D200AEB5E6 /* SocketIOPacket.m */; };
		496B2094194245D200AEB5E6 /* SocketIOTransportWebsocket.m in Sources */ = {isa = PBXBuildFile; fileRef = 496B207A194245D200AEB5E6 /* SocketIOTransportWebsocket.m */; };
		496B2095194245D200AEB5E6 /* SocketIOTransportXHR.m in Sources */ = {isa = PBXBuildFile; fileRef = 496B207C194245D200AEB5E6 /* SocketIOTransportXHR.m */; };
		496B2096194245D200AEB5E6 /* SRWebSocket.m in Sources */ = {isa = PBXBuildFile; fileRef = 496B207F194245D200AEB5E6 /* SRWebSocket.m */; };
		9F1664881940E299004AD2AF /* RGOOpenTokApiClient.m in Sources */ = {isa = PBXBuildFile; fileRef = 9F1664511940E299004AD2AF /* RGOOpenTokApiClient.m */; };
		9F16648B1940E299004AD2AF /* RGOOverlayWindow.m in Sources */ = {isa = PBXBuildFile; fileRef = 9F1664571940E299004AD2AF /* RGOOverlayWindow.m */; };
		9F16648D1940E299004AD2AF /* RGOScreenCaptureThread.m in Sources */ = {isa = PBXBuildFile; fileRef = 9F16645B1940E299004AD2AF /* RGOScreenCaptureThread.m */; };
		9F1664931940E299004AD2AF /* RGOVideoViewController.m in Sources */ = {isa = PBXBuildFile; fileRef = 9F1664671940E299004AD2AF /* RGOVideoViewController.m */; };
		9F1664971940E299004AD2AF /* Ringo.m in Sources */ = {isa = PBXBuildFile; fileRef = 9F1664711940E299004AD2AF /* Ringo.m */; };
		9F16649A1940E299004AD2AF /* RGODraggableView.m in Sources */ = {isa = PBXBuildFile; fileRef = 9F1664781940E299004AD2AF /* RGODraggableView.m */; };
		9F1664E81940E401004AD2AF /* libxml2.dylib in Frameworks */ = {isa = PBXBuildFile; fileRef = 9F1664E71940E401004AD2AF /* libxml2.dylib */; };
		9F1664EC1940E89A004AD2AF /* libstdc++.6.0.9.dylib in Frameworks */ = {isa = PBXBuildFile; fileRef = 9F1664EA1940E89A004AD2AF /* libstdc++.6.0.9.dylib */; };
		9F1664ED1940E89A004AD2AF /* libstdc++.dylib in Frameworks */ = {isa = PBXBuildFile; fileRef = 9F1664EB1940E89A004AD2AF /* libstdc++.dylib */; };
		9F1664EF1940E8AF004AD2AF /* CoreTelephony.framework in Frameworks */ = {isa = PBXBuildFile; fileRef = 9F1664EE1940E8AF004AD2AF /* CoreTelephony.framework */; };
		9F1664F11940E8CC004AD2AF /* libicucore.dylib in Frameworks */ = {isa = PBXBuildFile; fileRef = 9F1664F01940E8CC004AD2AF /* libicucore.dylib */; };
		9F1664F31940E9CD004AD2AF /* bg_video.png in Resources */ = {isa = PBXBuildFile; fileRef = 9F1664F21940E9CD004AD2AF /* bg_video.png */; };
		9F1665151940EA0B004AD2AF /* 0.gif in Resources */ = {isa = PBXBuildFile; fileRef = 9F1664F51940EA0B004AD2AF /* 0.gif */; };
		9F1665161940EA0B004AD2AF /* 1.gif in Resources */ = {isa = PBXBuildFile; fileRef = 9F1664F61940EA0B004AD2AF /* 1.gif */; };
		9F1665171940EA0B004AD2AF /* 10.gif in Resources */ = {isa = PBXBuildFile; fileRef = 9F1664F71940EA0B004AD2AF /* 10.gif */; };
		9F1665181940EA0B004AD2AF /* 11.gif in Resources */ = {isa = PBXBuildFile; fileRef = 9F1664F81940EA0B004AD2AF /* 11.gif */; };
		9F1665191940EA0B004AD2AF /* 12.gif in Resources */ = {isa = PBXBuildFile; fileRef = 9F1664F91940EA0B004AD2AF /* 12.gif */; };
		9F16651A1940EA0B004AD2AF /* 13.gif in Resources */ = {isa = PBXBuildFile; fileRef = 9F1664FA1940EA0B004AD2AF /* 13.gif */; };
		9F16651B1940EA0B004AD2AF /* 14.gif in Resources */ = {isa = PBXBuildFile; fileRef = 9F1664FB1940EA0B004AD2AF /* 14.gif */; };
		9F16651C1940EA0B004AD2AF /* 15.gif in Resources */ = {isa = PBXBuildFile; fileRef = 9F1664FC1940EA0B004AD2AF /* 15.gif */; };
		9F16651D1940EA0B004AD2AF /* 16.gif in Resources */ = {isa = PBXBuildFile; fileRef = 9F1664FD1940EA0B004AD2AF /* 16.gif */; };
		9F16651E1940EA0B004AD2AF /* 17.gif in Resources */ = {isa = PBXBuildFile; fileRef = 9F1664FE1940EA0B004AD2AF /* 17.gif */; };
		9F16651F1940EA0B004AD2AF /* 18.gif in Resources */ = {isa = PBXBuildFile; fileRef = 9F1664FF1940EA0B004AD2AF /* 18.gif */; };
		9F1665201940EA0B004AD2AF /* 19.gif in Resources */ = {isa = PBXBuildFile; fileRef = 9F1665001940EA0B004AD2AF /* 19.gif */; };
		9F1665211940EA0B004AD2AF /* 2.gif in Resources */ = {isa = PBXBuildFile; fileRef = 9F1665011940EA0B004AD2AF /* 2.gif */; };
		9F1665221940EA0B004AD2AF /* 20.gif in Resources */ = {isa = PBXBuildFile; fileRef = 9F1665021940EA0B004AD2AF /* 20.gif */; };
		9F1665231940EA0B004AD2AF /* 21.gif in Resources */ = {isa = PBXBuildFile; fileRef = 9F1665031940EA0B004AD2AF /* 21.gif */; };
		9F1665241940EA0B004AD2AF /* 22.gif in Resources */ = {isa = PBXBuildFile; fileRef = 9F1665041940EA0B004AD2AF /* 22.gif */; };
		9F1665251940EA0B004AD2AF /* 23.gif in Resources */ = {isa = PBXBuildFile; fileRef = 9F1665051940EA0B004AD2AF /* 23.gif */; };
		9F1665261940EA0B004AD2AF /* 24.gif in Resources */ = {isa = PBXBuildFile; fileRef = 9F1665061940EA0B004AD2AF /* 24.gif */; };
		9F1665271940EA0B004AD2AF /* 25.gif in Resources */ = {isa = PBXBuildFile; fileRef = 9F1665071940EA0B004AD2AF /* 25.gif */; };
		9F1665281940EA0B004AD2AF /* 26.gif in Resources */ = {isa = PBXBuildFile; fileRef = 9F1665081940EA0B004AD2AF /* 26.gif */; };
		9F1665291940EA0B004AD2AF /* 27.gif in Resources */ = {isa = PBXBuildFile; fileRef = 9F1665091940EA0B004AD2AF /* 27.gif */; };
		9F16652A1940EA0B004AD2AF /* 28.gif in Resources */ = {isa = PBXBuildFile; fileRef = 9F16650A1940EA0B004AD2AF /* 28.gif */; };
		9F16652B1940EA0B004AD2AF /* 29.gif in Resources */ = {isa = PBXBuildFile; fileRef = 9F16650B1940EA0B004AD2AF /* 29.gif */; };
		9F16652C1940EA0B004AD2AF /* 3.gif in Resources */ = {isa = PBXBuildFile; fileRef = 9F16650C1940EA0B004AD2AF /* 3.gif */; };
		9F16652D1940EA0B004AD2AF /* 30.gif in Resources */ = {isa = PBXBuildFile; fileRef = 9F16650D1940EA0B004AD2AF /* 30.gif */; };
		9F16652E1940EA0B004AD2AF /* 31.gif in Resources */ = {isa = PBXBuildFile; fileRef = 9F16650E1940EA0B004AD2AF /* 31.gif */; };
		9F16652F1940EA0B004AD2AF /* 4.gif in Resources */ = {isa = PBXBuildFile; fileRef = 9F16650F1940EA0B004AD2AF /* 4.gif */; };
		9F1665301940EA0B004AD2AF /* 5.gif in Resources */ = {isa = PBXBuildFile; fileRef = 9F1665101940EA0B004AD2AF /* 5.gif */; };
		9F1665311940EA0B004AD2AF /* 6.gif in Resources */ = {isa = PBXBuildFile; fileRef = 9F1665111940EA0B004AD2AF /* 6.gif */; };
		9F1665321940EA0B004AD2AF /* 7.gif in Resources */ = {isa = PBXBuildFile; fileRef = 9F1665121940EA0B004AD2AF /* 7.gif */; };
		9F1665331940EA0B004AD2AF /* 8.gif in Resources */ = {isa = PBXBuildFile; fileRef = 9F1665131940EA0B004AD2AF /* 8.gif */; };
		9F1665341940EA0B004AD2AF /* 9.gif in Resources */ = {isa = PBXBuildFile; fileRef = 9F1665141940EA0B004AD2AF /* 9.gif */; };
		9FE20D0E18524EA4004B116D /* Foundation.framework in Frameworks */ = {isa = PBXBuildFile; fileRef = 9FE20D0D18524EA4004B116D /* Foundation.framework */; };
		9FE20D1018524EA4004B116D /* CoreGraphics.framework in Frameworks */ = {isa = PBXBuildFile; fileRef = 9FE20D0F18524EA4004B116D /* CoreGraphics.framework */; };
		9FE20D1218524EA4004B116D /* UIKit.framework in Frameworks */ = {isa = PBXBuildFile; fileRef = 9FE20D1118524EA4004B116D /* UIKit.framework */; };
		9FE20D1818524EA4004B116D /* InfoPlist.strings in Resources */ = {isa = PBXBuildFile; fileRef = 9FE20D1618524EA4004B116D /* InfoPlist.strings */; };
		9FE20D1A18524EA4004B116D /* main.m in Sources */ = {isa = PBXBuildFile; fileRef = 9FE20D1918524EA4004B116D /* main.m */; };
		9FE20D1E18524EA4004B116D /* RP_AppDelegate.m in Sources */ = {isa = PBXBuildFile; fileRef = 9FE20D1D18524EA4004B116D /* RP_AppDelegate.m */; };
		9FE20D2018524EA4004B116D /* Images.xcassets in Resources */ = {isa = PBXBuildFile; fileRef = 9FE20D1F18524EA4004B116D /* Images.xcassets */; };
		9FE20D2718524EA4004B116D /* XCTest.framework in Frameworks */ = {isa = PBXBuildFile; fileRef = 9FE20D2618524EA4004B116D /* XCTest.framework */; };
		9FE20D2818524EA4004B116D /* Foundation.framework in Frameworks */ = {isa = PBXBuildFile; fileRef = 9FE20D0D18524EA4004B116D /* Foundation.framework */; };
		9FE20D2918524EA4004B116D /* UIKit.framework in Frameworks */ = {isa = PBXBuildFile; fileRef = 9FE20D1118524EA4004B116D /* UIKit.framework */; };
		9FE20D3118524EA4004B116D /* InfoPlist.strings in Resources */ = {isa = PBXBuildFile; fileRef = 9FE20D2F18524EA4004B116D /* InfoPlist.strings */; };
		9FE20D3318524EA4004B116D /* AwesomeAppTests.m in Sources */ = {isa = PBXBuildFile; fileRef = 9FE20D3218524EA4004B116D /* AwesomeAppTests.m */; };
		9FE20D3E18524EC2004B116D /* RP_MainViewController.m in Sources */ = {isa = PBXBuildFile; fileRef = 9FE20D3C18524EC2004B116D /* RP_MainViewController.m */; };
		F5A529151941513800FCD94B /* Opentok.framework in Frameworks */ = {isa = PBXBuildFile; fileRef = F5A529141941513800FCD94B /* Opentok.framework */; };
		F5A529171941514900FCD94B /* opentok.bundle in Resources */ = {isa = PBXBuildFile; fileRef = F5A529161941514900FCD94B /* opentok.bundle */; };
/* End PBXBuildFile section */

/* Begin PBXContainerItemProxy section */
		9FE20D2A18524EA4004B116D /* PBXContainerItemProxy */ = {
			isa = PBXContainerItemProxy;
			containerPortal = 9FE20D0218524EA4004B116D /* Project object */;
			proxyType = 1;
			remoteGlobalIDString = 9FE20D0918524EA4004B116D;
			remoteInfo = AwesomeApp;
		};
/* End PBXContainerItemProxy section */

/* Begin PBXFileReference section */
		496B2001194245D200AEB5E6 /* AFHTTPRequestOperation.h */ = {isa = PBXFileReference; fileEncoding = 4; lastKnownFileType = sourcecode.c.h; path = AFHTTPRequestOperation.h; sourceTree = "<group>"; };
		496B2002194245D200AEB5E6 /* AFHTTPRequestOperation.m */ = {isa = PBXFileReference; fileEncoding = 4; lastKnownFileType = sourcecode.c.objc; path = AFHTTPRequestOperation.m; sourceTree = "<group>"; };
		496B2003194245D200AEB5E6 /* AFHTTPRequestOperationManager.h */ = {isa = PBXFileReference; fileEncoding = 4; lastKnownFileType = sourcecode.c.h; path = AFHTTPRequestOperationManager.h; sourceTree = "<group>"; };
		496B2004194245D200AEB5E6 /* AFHTTPRequestOperationManager.m */ = {isa = PBXFileReference; fileEncoding = 4; lastKnownFileType = sourcecode.c.objc; path = AFHTTPRequestOperationManager.m; sourceTree = "<group>"; };
		496B2005194245D200AEB5E6 /* AFHTTPSessionManager.h */ = {isa = PBXFileReference; fileEncoding = 4; lastKnownFileType = sourcecode.c.h; path = AFHTTPSessionManager.h; sourceTree = "<group>"; };
		496B2006194245D200AEB5E6 /* AFHTTPSessionManager.m */ = {isa = PBXFileReference; fileEncoding = 4; lastKnownFileType = sourcecode.c.objc; path = AFHTTPSessionManager.m; sourceTree = "<group>"; };
		496B2007194245D200AEB5E6 /* AFNetworking.h */ = {isa = PBXFileReference; fileEncoding = 4; lastKnownFileType = sourcecode.c.h; path = AFNetworking.h; sourceTree = "<group>"; };
		496B2008194245D200AEB5E6 /* AFNetworkReachabilityManager.h */ = {isa = PBXFileReference; fileEncoding = 4; lastKnownFileType = sourcecode.c.h; path = AFNetworkReachabilityManager.h; sourceTree = "<group>"; };
		496B2009194245D200AEB5E6 /* AFNetworkReachabilityManager.m */ = {isa = PBXFileReference; fileEncoding = 4; lastKnownFileType = sourcecode.c.objc; path = AFNetworkReachabilityManager.m; sourceTree = "<group>"; };
		496B200A194245D200AEB5E6 /* AFSecurityPolicy.h */ = {isa = PBXFileReference; fileEncoding = 4; lastKnownFileType = sourcecode.c.h; path = AFSecurityPolicy.h; sourceTree = "<group>"; };
		496B200B194245D200AEB5E6 /* AFSecurityPolicy.m */ = {isa = PBXFileReference; fileEncoding = 4; lastKnownFileType = sourcecode.c.objc; path = AFSecurityPolicy.m; sourceTree = "<group>"; };
		496B200C194245D200AEB5E6 /* AFURLConnectionOperation.h */ = {isa = PBXFileReference; fileEncoding = 4; lastKnownFileType = sourcecode.c.h; path = AFURLConnectionOperation.h; sourceTree = "<group>"; };
		496B200D194245D200AEB5E6 /* AFURLConnectionOperation.m */ = {isa = PBXFileReference; fileEncoding = 4; lastKnownFileType = sourcecode.c.objc; path = AFURLConnectionOperation.m; sourceTree = "<group>"; };
		496B200E194245D200AEB5E6 /* AFURLRequestSerialization.h */ = {isa = PBXFileReference; fileEncoding = 4; lastKnownFileType = sourcecode.c.h; path = AFURLRequestSerialization.h; sourceTree = "<group>"; };
		496B200F194245D200AEB5E6 /* AFURLRequestSerialization.m */ = {isa = PBXFileReference; fileEncoding = 4; lastKnownFileType = sourcecode.c.objc; path = AFURLRequestSerialization.m; sourceTree = "<group>"; };
		496B2010194245D200AEB5E6 /* AFURLResponseSerialization.h */ = {isa = PBXFileReference; fileEncoding = 4; lastKnownFileType = sourcecode.c.h; path = AFURLResponseSerialization.h; sourceTree = "<group>"; };
		496B2011194245D200AEB5E6 /* AFURLResponseSerialization.m */ = {isa = PBXFileReference; fileEncoding = 4; lastKnownFileType = sourcecode.c.objc; path = AFURLResponseSerialization.m; sourceTree = "<group>"; };
		496B2012194245D200AEB5E6 /* AFURLSessionManager.h */ = {isa = PBXFileReference; fileEncoding = 4; lastKnownFileType = sourcecode.c.h; path = AFURLSessionManager.h; sourceTree = "<group>"; };
		496B2013194245D200AEB5E6 /* AFURLSessionManager.m */ = {isa = PBXFileReference; fileEncoding = 4; lastKnownFileType = sourcecode.c.objc; path = AFURLSessionManager.m; sourceTree = "<group>"; };
		496B2015194245D200AEB5E6 /* BSONIdGenerator.h */ = {isa = PBXFileReference; fileEncoding = 4; lastKnownFileType = sourcecode.c.h; path = BSONIdGenerator.h; sourceTree = "<group>"; };
		496B2016194245D200AEB5E6 /* BSONIdGenerator.m */ = {isa = PBXFileReference; fileEncoding = 4; lastKnownFileType = sourcecode.c.objc; path = BSONIdGenerator.m; sourceTree = "<group>"; };
		496B2017194245D200AEB5E6 /* DependencyProvider.h */ = {isa = PBXFileReference; fileEncoding = 4; lastKnownFileType = sourcecode.c.h; path = DependencyProvider.h; sourceTree = "<group>"; };
		496B2018194245D200AEB5E6 /* DependencyProvider.m */ = {isa = PBXFileReference; fileEncoding = 4; lastKnownFileType = sourcecode.c.objc; path = DependencyProvider.m; sourceTree = "<group>"; };
		496B2019194245D200AEB5E6 /* libcrypto.a */ = {isa = PBXFileReference; lastKnownFileType = archive.ar; path = libcrypto.a; sourceTree = "<group>"; };
		496B201A194245D200AEB5E6 /* MeteorClient+Parsing.m */ = {isa = PBXFileReference; fileEncoding = 4; lastKnownFileType = sourcecode.c.objc; path = "MeteorClient+Parsing.m"; sourceTree = "<group>"; };
		496B201B194245D200AEB5E6 /* MeteorClient+Private.h */ = {isa = PBXFileReference; fileEncoding = 4; lastKnownFileType = sourcecode.c.h; path = "MeteorClient+Private.h"; sourceTree = "<group>"; };
		496B201C194245D200AEB5E6 /* MeteorClient.h */ = {isa = PBXFileReference; fileEncoding = 4; lastKnownFileType = sourcecode.c.h; path = MeteorClient.h; sourceTree = "<group>"; };
		496B201D194245D200AEB5E6 /* MeteorClient.m */ = {isa = PBXFileReference; fileEncoding = 4; lastKnownFileType = sourcecode.c.objc; path = MeteorClient.m; sourceTree = "<group>"; };
		496B201E194245D200AEB5E6 /* ObjectiveDDP-Prefix.pch */ = {isa = PBXFileReference; fileEncoding = 4; lastKnownFileType = sourcecode.c.h; path = "ObjectiveDDP-Prefix.pch"; sourceTree = "<group>"; };
		496B201F194245D200AEB5E6 /* ObjectiveDDP.h */ = {isa = PBXFileReference; fileEncoding = 4; lastKnownFileType = sourcecode.c.h; path = ObjectiveDDP.h; sourceTree = "<group>"; };
		496B2020194245D200AEB5E6 /* ObjectiveDDP.m */ = {isa = PBXFileReference; fileEncoding = 4; lastKnownFileType = sourcecode.c.objc; path = ObjectiveDDP.m; sourceTree = "<group>"; };
		496B2022194245D200AEB5E6 /* aes.h */ = {isa = PBXFileReference; fileEncoding = 4; lastKnownFileType = sourcecode.c.h; path = aes.h; sourceTree = "<group>"; };
		496B2023194245D200AEB5E6 /* asn1.h */ = {isa = PBXFileReference; fileEncoding = 4; lastKnownFileType = sourcecode.c.h; path = asn1.h; sourceTree = "<group>"; };
		496B2024194245D200AEB5E6 /* asn1_mac.h */ = {isa = PBXFileReference; fileEncoding = 4; lastKnownFileType = sourcecode.c.h; path = asn1_mac.h; sourceTree = "<group>"; };
		496B2025194245D200AEB5E6 /* asn1t.h */ = {isa = PBXFileReference; fileEncoding = 4; lastKnownFileType = sourcecode.c.h; path = asn1t.h; sourceTree = "<group>"; };
		496B2026194245D200AEB5E6 /* bio.h */ = {isa = PBXFileReference; fileEncoding = 4; lastKnownFileType = sourcecode.c.h; path = bio.h; sourceTree = "<group>"; };
		496B2027194245D200AEB5E6 /* blowfish.h */ = {isa = PBXFileReference; fileEncoding = 4; lastKnownFileType = sourcecode.c.h; path = blowfish.h; sourceTree = "<group>"; };
		496B2028194245D200AEB5E6 /* bn.h */ = {isa = PBXFileReference; fileEncoding = 4; lastKnownFileType = sourcecode.c.h; path = bn.h; sourceTree = "<group>"; };
		496B2029194245D200AEB5E6 /* buffer.h */ = {isa = PBXFileReference; fileEncoding = 4; lastKnownFileType = sourcecode.c.h; path = buffer.h; sourceTree = "<group>"; };
		496B202A194245D200AEB5E6 /* camellia.h */ = {isa = PBXFileReference; fileEncoding = 4; lastKnownFileType = sourcecode.c.h; path = camellia.h; sourceTree = "<group>"; };
		496B202B194245D200AEB5E6 /* cast.h */ = {isa = PBXFileReference; fileEncoding = 4; lastKnownFileType = sourcecode.c.h; path = cast.h; sourceTree = "<group>"; };
		496B202C194245D200AEB5E6 /* cmac.h */ = {isa = PBXFileReference; fileEncoding = 4; lastKnownFileType = sourcecode.c.h; path = cmac.h; sourceTree = "<group>"; };
		496B202D194245D200AEB5E6 /* cms.h */ = {isa = PBXFileReference; fileEncoding = 4; lastKnownFileType = sourcecode.c.h; path = cms.h; sourceTree = "<group>"; };
		496B202E194245D200AEB5E6 /* comp.h */ = {isa = PBXFileReference; fileEncoding = 4; lastKnownFileType = sourcecode.c.h; path = comp.h; sourceTree = "<group>"; };
		496B202F194245D200AEB5E6 /* conf.h */ = {isa = PBXFileReference; fileEncoding = 4; lastKnownFileType = sourcecode.c.h; path = conf.h; sourceTree = "<group>"; };
		496B2030194245D200AEB5E6 /* conf_api.h */ = {isa = PBXFileReference; fileEncoding = 4; lastKnownFileType = sourcecode.c.h; path = conf_api.h; sourceTree = "<group>"; };
		496B2031194245D200AEB5E6 /* crypto.h */ = {isa = PBXFileReference; fileEncoding = 4; lastKnownFileType = sourcecode.c.h; path = crypto.h; sourceTree = "<group>"; };
		496B2032194245D200AEB5E6 /* des.h */ = {isa = PBXFileReference; fileEncoding = 4; lastKnownFileType = sourcecode.c.h; path = des.h; sourceTree = "<group>"; };
		496B2033194245D200AEB5E6 /* des_old.h */ = {isa = PBXFileReference; fileEncoding = 4; lastKnownFileType = sourcecode.c.h; path = des_old.h; sourceTree = "<group>"; };
		496B2034194245D200AEB5E6 /* dh.h */ = {isa = PBXFileReference; fileEncoding = 4; lastKnownFileType = sourcecode.c.h; path = dh.h; sourceTree = "<group>"; };
		496B2035194245D200AEB5E6 /* dsa.h */ = {isa = PBXFileReference; fileEncoding = 4; lastKnownFileType = sourcecode.c.h; path = dsa.h; sourceTree = "<group>"; };
		496B2036194245D200AEB5E6 /* dso.h */ = {isa = PBXFileReference; fileEncoding = 4; lastKnownFileType = sourcecode.c.h; path = dso.h; sourceTree = "<group>"; };
		496B2037194245D200AEB5E6 /* dtls1.h */ = {isa = PBXFileReference; fileEncoding = 4; lastKnownFileType = sourcecode.c.h; path = dtls1.h; sourceTree = "<group>"; };
		496B2038194245D200AEB5E6 /* e_os2.h */ = {isa = PBXFileReference; fileEncoding = 4; lastKnownFileType = sourcecode.c.h; path = e_os2.h; sourceTree = "<group>"; };
		496B2039194245D200AEB5E6 /* ebcdic.h */ = {isa = PBXFileReference; fileEncoding = 4; lastKnownFileType = sourcecode.c.h; path = ebcdic.h; sourceTree = "<group>"; };
		496B203A194245D200AEB5E6 /* ec.h */ = {isa = PBXFileReference; fileEncoding = 4; lastKnownFileType = sourcecode.c.h; path = ec.h; sourceTree = "<group>"; };
		496B203B194245D200AEB5E6 /* ecdh.h */ = {isa = PBXFileReference; fileEncoding = 4; lastKnownFileType = sourcecode.c.h; path = ecdh.h; sourceTree = "<group>"; };
		496B203C194245D200AEB5E6 /* ecdsa.h */ = {isa = PBXFileReference; fileEncoding = 4; lastKnownFileType = sourcecode.c.h; path = ecdsa.h; sourceTree = "<group>"; };
		496B203D194245D200AEB5E6 /* engine.h */ = {isa = PBXFileReference; fileEncoding = 4; lastKnownFileType = sourcecode.c.h; path = engine.h; sourceTree = "<group>"; };
		496B203E194245D200AEB5E6 /* err.h */ = {isa = PBXFileReference; fileEncoding = 4; lastKnownFileType = sourcecode.c.h; path = err.h; sourceTree = "<group>"; };
		496B203F194245D200AEB5E6 /* evp.h */ = {isa = PBXFileReference; fileEncoding = 4; lastKnownFileType = sourcecode.c.h; path = evp.h; sourceTree = "<group>"; };
		496B2040194245D200AEB5E6 /* hmac.h */ = {isa = PBXFileReference; fileEncoding = 4; lastKnownFileType = sourcecode.c.h; path = hmac.h; sourceTree = "<group>"; };
		496B2041194245D200AEB5E6 /* idea.h */ = {isa = PBXFileReference; fileEncoding = 4; lastKnownFileType = sourcecode.c.h; path = idea.h; sourceTree = "<group>"; };
		496B2042194245D200AEB5E6 /* krb5_asn.h */ = {isa = PBXFileReference; fileEncoding = 4; lastKnownFileType = sourcecode.c.h; path = krb5_asn.h; sourceTree = "<group>"; };
		496B2043194245D200AEB5E6 /* kssl.h */ = {isa = PBXFileReference; fileEncoding = 4; lastKnownFileType = sourcecode.c.h; path = kssl.h; sourceTree = "<group>"; };
		496B2044194245D200AEB5E6 /* lhash.h */ = {isa = PBXFileReference; fileEncoding = 4; lastKnownFileType = sourcecode.c.h; path = lhash.h; sourceTree = "<group>"; };
		496B2045194245D200AEB5E6 /* md4.h */ = {isa = PBXFileReference; fileEncoding = 4; lastKnownFileType = sourcecode.c.h; path = md4.h; sourceTree = "<group>"; };
		496B2046194245D200AEB5E6 /* md5.h */ = {isa = PBXFileReference; fileEncoding = 4; lastKnownFileType = sourcecode.c.h; path = md5.h; sourceTree = "<group>"; };
		496B2047194245D200AEB5E6 /* mdc2.h */ = {isa = PBXFileReference; fileEncoding = 4; lastKnownFileType = sourcecode.c.h; path = mdc2.h; sourceTree = "<group>"; };
		496B2048194245D200AEB5E6 /* modes.h */ = {isa = PBXFileReference; fileEncoding = 4; lastKnownFileType = sourcecode.c.h; path = modes.h; sourceTree = "<group>"; };
		496B2049194245D200AEB5E6 /* obj_mac.h */ = {isa = PBXFileReference; fileEncoding = 4; lastKnownFileType = sourcecode.c.h; path = obj_mac.h; sourceTree = "<group>"; };
		496B204A194245D200AEB5E6 /* objects.h */ = {isa = PBXFileReference; fileEncoding = 4; lastKnownFileType = sourcecode.c.h; path = objects.h; sourceTree = "<group>"; };
		496B204B194245D200AEB5E6 /* ocsp.h */ = {isa = PBXFileReference; fileEncoding = 4; lastKnownFileType = sourcecode.c.h; path = ocsp.h; sourceTree = "<group>"; };
		496B204C194245D200AEB5E6 /* opensslconf.h */ = {isa = PBXFileReference; fileEncoding = 4; lastKnownFileType = sourcecode.c.h; path = opensslconf.h; sourceTree = "<group>"; };
		496B204D194245D200AEB5E6 /* opensslv.h */ = {isa = PBXFileReference; fileEncoding = 4; lastKnownFileType = sourcecode.c.h; path = opensslv.h; sourceTree = "<group>"; };
		496B204E194245D200AEB5E6 /* ossl_typ.h */ = {isa = PBXFileReference; fileEncoding = 4; lastKnownFileType = sourcecode.c.h; path = ossl_typ.h; sourceTree = "<group>"; };
		496B204F194245D200AEB5E6 /* pem.h */ = {isa = PBXFileReference; fileEncoding = 4; lastKnownFileType = sourcecode.c.h; path = pem.h; sourceTree = "<group>"; };
		496B2050194245D200AEB5E6 /* pem2.h */ = {isa = PBXFileReference; fileEncoding = 4; lastKnownFileType = sourcecode.c.h; path = pem2.h; sourceTree = "<group>"; };
		496B2051194245D200AEB5E6 /* pkcs12.h */ = {isa = PBXFileReference; fileEncoding = 4; lastKnownFileType = sourcecode.c.h; path = pkcs12.h; sourceTree = "<group>"; };
		496B2052194245D200AEB5E6 /* pkcs7.h */ = {isa = PBXFileReference; fileEncoding = 4; lastKnownFileType = sourcecode.c.h; path = pkcs7.h; sourceTree = "<group>"; };
		496B2053194245D200AEB5E6 /* pqueue.h */ = {isa = PBXFileReference; fileEncoding = 4; lastKnownFileType = sourcecode.c.h; path = pqueue.h; sourceTree = "<group>"; };
		496B2054194245D200AEB5E6 /* rand.h */ = {isa = PBXFileReference; fileEncoding = 4; lastKnownFileType = sourcecode.c.h; path = rand.h; sourceTree = "<group>"; };
		496B2055194245D200AEB5E6 /* rc2.h */ = {isa = PBXFileReference; fileEncoding = 4; lastKnownFileType = sourcecode.c.h; path = rc2.h; sourceTree = "<group>"; };
		496B2056194245D200AEB5E6 /* rc4.h */ = {isa = PBXFileReference; fileEncoding = 4; lastKnownFileType = sourcecode.c.h; path = rc4.h; sourceTree = "<group>"; };
		496B2057194245D200AEB5E6 /* ripemd.h */ = {isa = PBXFileReference; fileEncoding = 4; lastKnownFileType = sourcecode.c.h; path = ripemd.h; sourceTree = "<group>"; };
		496B2058194245D200AEB5E6 /* rsa.h */ = {isa = PBXFileReference; fileEncoding = 4; lastKnownFileType = sourcecode.c.h; path = rsa.h; sourceTree = "<group>"; };
		496B2059194245D200AEB5E6 /* safestack.h */ = {isa = PBXFileReference; fileEncoding = 4; lastKnownFileType = sourcecode.c.h; path = safestack.h; sourceTree = "<group>"; };
		496B205A194245D200AEB5E6 /* seed.h */ = {isa = PBXFileReference; fileEncoding = 4; lastKnownFileType = sourcecode.c.h; path = seed.h; sourceTree = "<group>"; };
		496B205B194245D200AEB5E6 /* sha.h */ = {isa = PBXFileReference; fileEncoding = 4; lastKnownFileType = sourcecode.c.h; path = sha.h; sourceTree = "<group>"; };
		496B205C194245D200AEB5E6 /* srtp.h */ = {isa = PBXFileReference; fileEncoding = 4; lastKnownFileType = sourcecode.c.h; path = srtp.h; sourceTree = "<group>"; };
		496B205D194245D200AEB5E6 /* ssl.h */ = {isa = PBXFileReference; fileEncoding = 4; lastKnownFileType = sourcecode.c.h; path = ssl.h; sourceTree = "<group>"; };
		496B205E194245D200AEB5E6 /* ssl2.h */ = {isa = PBXFileReference; fileEncoding = 4; lastKnownFileType = sourcecode.c.h; path = ssl2.h; sourceTree = "<group>"; };
		496B205F194245D200AEB5E6 /* ssl23.h */ = {isa = PBXFileReference; fileEncoding = 4; lastKnownFileType = sourcecode.c.h; path = ssl23.h; sourceTree = "<group>"; };
		496B2060194245D200AEB5E6 /* ssl3.h */ = {isa = PBXFileReference; fileEncoding = 4; lastKnownFileType = sourcecode.c.h; path = ssl3.h; sourceTree = "<group>"; };
		496B2061194245D200AEB5E6 /* stack.h */ = {isa = PBXFileReference; fileEncoding = 4; lastKnownFileType = sourcecode.c.h; path = stack.h; sourceTree = "<group>"; };
		496B2062194245D200AEB5E6 /* symhacks.h */ = {isa = PBXFileReference; fileEncoding = 4; lastKnownFileType = sourcecode.c.h; path = symhacks.h; sourceTree = "<group>"; };
		496B2063194245D200AEB5E6 /* tls1.h */ = {isa = PBXFileReference; fileEncoding = 4; lastKnownFileType = sourcecode.c.h; path = tls1.h; sourceTree = "<group>"; };
		496B2064194245D200AEB5E6 /* ts.h */ = {isa = PBXFileReference; fileEncoding = 4; lastKnownFileType = sourcecode.c.h; path = ts.h; sourceTree = "<group>"; };
		496B2065194245D200AEB5E6 /* txt_db.h */ = {isa = PBXFileReference; fileEncoding = 4; lastKnownFileType = sourcecode.c.h; path = txt_db.h; sourceTree = "<group>"; };
		496B2066194245D200AEB5E6 /* ui.h */ = {isa = PBXFileReference; fileEncoding = 4; lastKnownFileType = sourcecode.c.h; path = ui.h; sourceTree = "<group>"; };
		496B2067194245D200AEB5E6 /* ui_compat.h */ = {isa = PBXFileReference; fileEncoding = 4; lastKnownFileType = sourcecode.c.h; path = ui_compat.h; sourceTree = "<group>"; };
		496B2068194245D200AEB5E6 /* whrlpool.h */ = {isa = PBXFileReference; fileEncoding = 4; lastKnownFileType = sourcecode.c.h; path = whrlpool.h; sourceTree = "<group>"; };
		496B2069194245D200AEB5E6 /* x509.h */ = {isa = PBXFileReference; fileEncoding = 4; lastKnownFileType = sourcecode.c.h; path = x509.h; sourceTree = "<group>"; };
		496B206A194245D200AEB5E6 /* x509_vfy.h */ = {isa = PBXFileReference; fileEncoding = 4; lastKnownFileType = sourcecode.c.h; path = x509_vfy.h; sourceTree = "<group>"; };
		496B206B194245D200AEB5E6 /* x509v3.h */ = {isa = PBXFileReference; fileEncoding = 4; lastKnownFileType = sourcecode.c.h; path = x509v3.h; sourceTree = "<group>"; };
		496B206D194245D200AEB5E6 /* srp.c */ = {isa = PBXFileReference; fileEncoding = 4; lastKnownFileType = sourcecode.c.c; path = srp.c; sourceTree = "<group>"; };
		496B206E194245D200AEB5E6 /* srp.h */ = {isa = PBXFileReference; fileEncoding = 4; lastKnownFileType = sourcecode.c.h; path = srp.h; sourceTree = "<group>"; };
		496B2070194245D200AEB5E6 /* Opentok.framework */ = {isa = PBXFileReference; lastKnownFileType = wrapper.framework; path = Opentok.framework; sourceTree = "<group>"; };
		496B2072194245D200AEB5E6 /* SocketIO.h */ = {isa = PBXFileReference; fileEncoding = 4; lastKnownFileType = sourcecode.c.h; path = SocketIO.h; sourceTree = "<group>"; };
		496B2073194245D200AEB5E6 /* SocketIO.m */ = {isa = PBXFileReference; fileEncoding = 4; lastKnownFileType = sourcecode.c.objc; path = SocketIO.m; sourceTree = "<group>"; };
		496B2074194245D200AEB5E6 /* SocketIOJSONSerialization.h */ = {isa = PBXFileReference; fileEncoding = 4; lastKnownFileType = sourcecode.c.h; path = SocketIOJSONSerialization.h; sourceTree = "<group>"; };
		496B2075194245D200AEB5E6 /* SocketIOJSONSerialization.m */ = {isa = PBXFileReference; fileEncoding = 4; lastKnownFileType = sourcecode.c.objc; path = SocketIOJSONSerialization.m; sourceTree = "<group>"; };
		496B2076194245D200AEB5E6 /* SocketIOPacket.h */ = {isa = PBXFileReference; fileEncoding = 4; lastKnownFileType = sourcecode.c.h; path = SocketIOPacket.h; sourceTree = "<group>"; };
		496B2077194245D200AEB5E6 /* SocketIOPacket.m */ = {isa = PBXFileReference; fileEncoding = 4; lastKnownFileType = sourcecode.c.objc; path = SocketIOPacket.m; sourceTree = "<group>"; };
		496B2078194245D200AEB5E6 /* SocketIOTransport.h */ = {isa = PBXFileReference; fileEncoding = 4; lastKnownFileType = sourcecode.c.h; path = SocketIOTransport.h; sourceTree = "<group>"; };
		496B2079194245D200AEB5E6 /* SocketIOTransportWebsocket.h */ = {isa = PBXFileReference; fileEncoding = 4; lastKnownFileType = sourcecode.c.h; path = SocketIOTransportWebsocket.h; sourceTree = "<group>"; };
		496B207A194245D200AEB5E6 /* SocketIOTransportWebsocket.m */ = {isa = PBXFileReference; fileEncoding = 4; lastKnownFileType = sourcecode.c.objc; path = SocketIOTransportWebsocket.m; sourceTree = "<group>"; };
		496B207B194245D200AEB5E6 /* SocketIOTransportXHR.h */ = {isa = PBXFileReference; fileEncoding = 4; lastKnownFileType = sourcecode.c.h; path = SocketIOTransportXHR.h; sourceTree = "<group>"; };
		496B207C194245D200AEB5E6 /* SocketIOTransportXHR.m */ = {isa = PBXFileReference; fileEncoding = 4; lastKnownFileType = sourcecode.c.objc; path = SocketIOTransportXHR.m; sourceTree = "<group>"; };
		496B207E194245D200AEB5E6 /* SRWebSocket.h */ = {isa = PBXFileReference; fileEncoding = 4; lastKnownFileType = sourcecode.c.h; path = SRWebSocket.h; sourceTree = "<group>"; };
		496B207F194245D200AEB5E6 /* SRWebSocket.m */ = {isa = PBXFileReference; fileEncoding = 4; lastKnownFileType = sourcecode.c.objc; path = SRWebSocket.m; sourceTree = "<group>"; };
		9F1664501940E299004AD2AF /* RGOOpenTokApiClient.h */ = {isa = PBXFileReference; fileEncoding = 4; lastKnownFileType = sourcecode.c.h; path = RGOOpenTokApiClient.h; sourceTree = "<group>"; };
		9F1664511940E299004AD2AF /* RGOOpenTokApiClient.m */ = {isa = PBXFileReference; fileEncoding = 4; lastKnownFileType = sourcecode.c.objc; path = RGOOpenTokApiClient.m; sourceTree = "<group>"; };
		9F1664561940E299004AD2AF /* RGOOverlayWindow.h */ = {isa = PBXFileReference; fileEncoding = 4; lastKnownFileType = sourcecode.c.h; path = RGOOverlayWindow.h; sourceTree = "<group>"; };
		9F1664571940E299004AD2AF /* RGOOverlayWindow.m */ = {isa = PBXFileReference; fileEncoding = 4; lastKnownFileType = sourcecode.c.objc; path = RGOOverlayWindow.m; sourceTree = "<group>"; };
		9F16645A1940E299004AD2AF /* RGOScreenCaptureThread.h */ = {isa = PBXFileReference; fileEncoding = 4; lastKnownFileType = sourcecode.c.h; path = RGOScreenCaptureThread.h; sourceTree = "<group>"; };
		9F16645B1940E299004AD2AF /* RGOScreenCaptureThread.m */ = {isa = PBXFileReference; fileEncoding = 4; lastKnownFileType = sourcecode.c.objc; path = RGOScreenCaptureThread.m; sourceTree = "<group>"; };
		9F1664661940E299004AD2AF /* RGOVideoViewController.h */ = {isa = PBXFileReference; fileEncoding = 4; lastKnownFileType = sourcecode.c.h; path = RGOVideoViewController.h; sourceTree = "<group>"; };
		9F1664671940E299004AD2AF /* RGOVideoViewController.m */ = {isa = PBXFileReference; fileEncoding = 4; lastKnownFileType = sourcecode.c.objc; path = RGOVideoViewController.m; sourceTree = "<group>"; };
		9F1664701940E299004AD2AF /* Ringo.h */ = {isa = PBXFileReference; fileEncoding = 4; lastKnownFileType = sourcecode.c.h; path = Ringo.h; sourceTree = "<group>"; };
		9F1664711940E299004AD2AF /* Ringo.m */ = {isa = PBXFileReference; fileEncoding = 4; lastKnownFileType = sourcecode.c.objc; path = Ringo.m; sourceTree = "<group>"; };
		9F1664771940E299004AD2AF /* RGODraggableView.h */ = {isa = PBXFileReference; fileEncoding = 4; lastKnownFileType = sourcecode.c.h; path = RGODraggableView.h; sourceTree = "<group>"; };
		9F1664781940E299004AD2AF /* RGODraggableView.m */ = {isa = PBXFileReference; fileEncoding = 4; lastKnownFileType = sourcecode.c.objc; path = RGODraggableView.m; sourceTree = "<group>"; };
		9F1664E71940E401004AD2AF /* libxml2.dylib */ = {isa = PBXFileReference; lastKnownFileType = "compiled.mach-o.dylib"; name = libxml2.dylib; path = usr/lib/libxml2.dylib; sourceTree = SDKROOT; };
		9F1664EA1940E89A004AD2AF /* libstdc++.6.0.9.dylib */ = {isa = PBXFileReference; lastKnownFileType = "compiled.mach-o.dylib"; name = "libstdc++.6.0.9.dylib"; path = "usr/lib/libstdc++.6.0.9.dylib"; sourceTree = SDKROOT; };
		9F1664EB1940E89A004AD2AF /* libstdc++.dylib */ = {isa = PBXFileReference; lastKnownFileType = "compiled.mach-o.dylib"; name = "libstdc++.dylib"; path = "usr/lib/libstdc++.dylib"; sourceTree = SDKROOT; };
		9F1664EE1940E8AF004AD2AF /* CoreTelephony.framework */ = {isa = PBXFileReference; lastKnownFileType = wrapper.framework; name = CoreTelephony.framework; path = System/Library/Frameworks/CoreTelephony.framework; sourceTree = SDKROOT; };
		9F1664F01940E8CC004AD2AF /* libicucore.dylib */ = {isa = PBXFileReference; lastKnownFileType = "compiled.mach-o.dylib"; name = libicucore.dylib; path = usr/lib/libicucore.dylib; sourceTree = SDKROOT; };
		9F1664F21940E9CD004AD2AF /* bg_video.png */ = {isa = PBXFileReference; lastKnownFileType = image.png; path = bg_video.png; sourceTree = "<group>"; };
		9F1664F51940EA0B004AD2AF /* 0.gif */ = {isa = PBXFileReference; lastKnownFileType = image.gif; path = 0.gif; sourceTree = "<group>"; };
		9F1664F61940EA0B004AD2AF /* 1.gif */ = {isa = PBXFileReference; lastKnownFileType = image.gif; path = 1.gif; sourceTree = "<group>"; };
		9F1664F71940EA0B004AD2AF /* 10.gif */ = {isa = PBXFileReference; lastKnownFileType = image.gif; path = 10.gif; sourceTree = "<group>"; };
		9F1664F81940EA0B004AD2AF /* 11.gif */ = {isa = PBXFileReference; lastKnownFileType = image.gif; path = 11.gif; sourceTree = "<group>"; };
		9F1664F91940EA0B004AD2AF /* 12.gif */ = {isa = PBXFileReference; lastKnownFileType = image.gif; path = 12.gif; sourceTree = "<group>"; };
		9F1664FA1940EA0B004AD2AF /* 13.gif */ = {isa = PBXFileReference; lastKnownFileType = image.gif; path = 13.gif; sourceTree = "<group>"; };
		9F1664FB1940EA0B004AD2AF /* 14.gif */ = {isa = PBXFileReference; lastKnownFileType = image.gif; path = 14.gif; sourceTree = "<group>"; };
		9F1664FC1940EA0B004AD2AF /* 15.gif */ = {isa = PBXFileReference; lastKnownFileType = image.gif; path = 15.gif; sourceTree = "<group>"; };
		9F1664FD1940EA0B004AD2AF /* 16.gif */ = {isa = PBXFileReference; lastKnownFileType = image.gif; path = 16.gif; sourceTree = "<group>"; };
		9F1664FE1940EA0B004AD2AF /* 17.gif */ = {isa = PBXFileReference; lastKnownFileType = image.gif; path = 17.gif; sourceTree = "<group>"; };
		9F1664FF1940EA0B004AD2AF /* 18.gif */ = {isa = PBXFileReference; lastKnownFileType = image.gif; path = 18.gif; sourceTree = "<group>"; };
		9F1665001940EA0B004AD2AF /* 19.gif */ = {isa = PBXFileReference; lastKnownFileType = image.gif; path = 19.gif; sourceTree = "<group>"; };
		9F1665011940EA0B004AD2AF /* 2.gif */ = {isa = PBXFileReference; lastKnownFileType = image.gif; path = 2.gif; sourceTree = "<group>"; };
		9F1665021940EA0B004AD2AF /* 20.gif */ = {isa = PBXFileReference; lastKnownFileType = image.gif; path = 20.gif; sourceTree = "<group>"; };
		9F1665031940EA0B004AD2AF /* 21.gif */ = {isa = PBXFileReference; lastKnownFileType = image.gif; path = 21.gif; sourceTree = "<group>"; };
		9F1665041940EA0B004AD2AF /* 22.gif */ = {isa = PBXFileReference; lastKnownFileType = image.gif; path = 22.gif; sourceTree = "<group>"; };
		9F1665051940EA0B004AD2AF /* 23.gif */ = {isa = PBXFileReference; lastKnownFileType = image.gif; path = 23.gif; sourceTree = "<group>"; };
		9F1665061940EA0B004AD2AF /* 24.gif */ = {isa = PBXFileReference; lastKnownFileType = image.gif; path = 24.gif; sourceTree = "<group>"; };
		9F1665071940EA0B004AD2AF /* 25.gif */ = {isa = PBXFileReference; lastKnownFileType = image.gif; path = 25.gif; sourceTree = "<group>"; };
		9F1665081940EA0B004AD2AF /* 26.gif */ = {isa = PBXFileReference; lastKnownFileType = image.gif; path = 26.gif; sourceTree = "<group>"; };
		9F1665091940EA0B004AD2AF /* 27.gif */ = {isa = PBXFileReference; lastKnownFileType = image.gif; path = 27.gif; sourceTree = "<group>"; };
		9F16650A1940EA0B004AD2AF /* 28.gif */ = {isa = PBXFileReference; lastKnownFileType = image.gif; path = 28.gif; sourceTree = "<group>"; };
		9F16650B1940EA0B004AD2AF /* 29.gif */ = {isa = PBXFileReference; lastKnownFileType = image.gif; path = 29.gif; sourceTree = "<group>"; };
		9F16650C1940EA0B004AD2AF /* 3.gif */ = {isa = PBXFileReference; lastKnownFileType = image.gif; path = 3.gif; sourceTree = "<group>"; };
		9F16650D1940EA0B004AD2AF /* 30.gif */ = {isa = PBXFileReference; lastKnownFileType = image.gif; path = 30.gif; sourceTree = "<group>"; };
		9F16650E1940EA0B004AD2AF /* 31.gif */ = {isa = PBXFileReference; lastKnownFileType = image.gif; path = 31.gif; sourceTree = "<group>"; };
		9F16650F1940EA0B004AD2AF /* 4.gif */ = {isa = PBXFileReference; lastKnownFileType = image.gif; path = 4.gif; sourceTree = "<group>"; };
		9F1665101940EA0B004AD2AF /* 5.gif */ = {isa = PBXFileReference; lastKnownFileType = image.gif; path = 5.gif; sourceTree = "<group>"; };
		9F1665111940EA0B004AD2AF /* 6.gif */ = {isa = PBXFileReference; lastKnownFileType = image.gif; path = 6.gif; sourceTree = "<group>"; };
		9F1665121940EA0B004AD2AF /* 7.gif */ = {isa = PBXFileReference; lastKnownFileType = image.gif; path = 7.gif; sourceTree = "<group>"; };
		9F1665131940EA0B004AD2AF /* 8.gif */ = {isa = PBXFileReference; lastKnownFileType = image.gif; path = 8.gif; sourceTree = "<group>"; };
		9F1665141940EA0B004AD2AF /* 9.gif */ = {isa = PBXFileReference; lastKnownFileType = image.gif; path = 9.gif; sourceTree = "<group>"; };
		9FE20D0A18524EA4004B116D /* AwesomeApp.app */ = {isa = PBXFileReference; explicitFileType = wrapper.application; includeInIndex = 0; path = AwesomeApp.app; sourceTree = BUILT_PRODUCTS_DIR; };
		9FE20D0D18524EA4004B116D /* Foundation.framework */ = {isa = PBXFileReference; lastKnownFileType = wrapper.framework; name = Foundation.framework; path = System/Library/Frameworks/Foundation.framework; sourceTree = SDKROOT; };
		9FE20D0F18524EA4004B116D /* CoreGraphics.framework */ = {isa = PBXFileReference; lastKnownFileType = wrapper.framework; name = CoreGraphics.framework; path = System/Library/Frameworks/CoreGraphics.framework; sourceTree = SDKROOT; };
		9FE20D1118524EA4004B116D /* UIKit.framework */ = {isa = PBXFileReference; lastKnownFileType = wrapper.framework; name = UIKit.framework; path = System/Library/Frameworks/UIKit.framework; sourceTree = SDKROOT; };
		9FE20D1518524EA4004B116D /* AwesomeApp-Info.plist */ = {isa = PBXFileReference; lastKnownFileType = text.plist.xml; path = "AwesomeApp-Info.plist"; sourceTree = "<group>"; };
		9FE20D1718524EA4004B116D /* en */ = {isa = PBXFileReference; lastKnownFileType = text.plist.strings; name = en; path = en.lproj/InfoPlist.strings; sourceTree = "<group>"; };
		9FE20D1918524EA4004B116D /* main.m */ = {isa = PBXFileReference; lastKnownFileType = sourcecode.c.objc; path = main.m; sourceTree = "<group>"; };
		9FE20D1B18524EA4004B116D /* AwesomeApp-Prefix.pch */ = {isa = PBXFileReference; lastKnownFileType = sourcecode.c.h; path = "AwesomeApp-Prefix.pch"; sourceTree = "<group>"; };
		9FE20D1C18524EA4004B116D /* RP_AppDelegate.h */ = {isa = PBXFileReference; lastKnownFileType = sourcecode.c.h; path = RP_AppDelegate.h; sourceTree = "<group>"; };
		9FE20D1D18524EA4004B116D /* RP_AppDelegate.m */ = {isa = PBXFileReference; lastKnownFileType = sourcecode.c.objc; path = RP_AppDelegate.m; sourceTree = "<group>"; };
		9FE20D1F18524EA4004B116D /* Images.xcassets */ = {isa = PBXFileReference; lastKnownFileType = folder.assetcatalog; path = Images.xcassets; sourceTree = "<group>"; };
		9FE20D2518524EA4004B116D /* AwesomeAppTests.xctest */ = {isa = PBXFileReference; explicitFileType = wrapper.cfbundle; includeInIndex = 0; path = AwesomeAppTests.xctest; sourceTree = BUILT_PRODUCTS_DIR; };
		9FE20D2618524EA4004B116D /* XCTest.framework */ = {isa = PBXFileReference; lastKnownFileType = wrapper.framework; name = XCTest.framework; path = Library/Frameworks/XCTest.framework; sourceTree = DEVELOPER_DIR; };
		9FE20D2E18524EA4004B116D /* AwesomeAppTests-Info.plist */ = {isa = PBXFileReference; lastKnownFileType = text.plist.xml; path = "AwesomeAppTests-Info.plist"; sourceTree = "<group>"; };
		9FE20D3018524EA4004B116D /* en */ = {isa = PBXFileReference; lastKnownFileType = text.plist.strings; name = en; path = en.lproj/InfoPlist.strings; sourceTree = "<group>"; };
		9FE20D3218524EA4004B116D /* AwesomeAppTests.m */ = {isa = PBXFileReference; lastKnownFileType = sourcecode.c.objc; path = AwesomeAppTests.m; sourceTree = "<group>"; };
		9FE20D3C18524EC2004B116D /* RP_MainViewController.m */ = {isa = PBXFileReference; fileEncoding = 4; lastKnownFileType = sourcecode.c.objc; path = RP_MainViewController.m; sourceTree = "<group>"; };
		9FE20D3D18524EC2004B116D /* RP_MainViewController.h */ = {isa = PBXFileReference; fileEncoding = 4; lastKnownFileType = sourcecode.c.h; path = RP_MainViewController.h; sourceTree = "<group>"; };
		F5A529141941513800FCD94B /* Opentok.framework */ = {isa = PBXFileReference; lastKnownFileType = wrapper.framework; name = Opentok.framework; path = "ThirdParty/openTok/Opentok.framework"; sourceTree = "<group>"; };
		F5A529161941514900FCD94B /* opentok.bundle */ = {isa = PBXFileReference; lastKnownFileType = "wrapper.plug-in"; name = opentok.bundle; path = "ThirdParty/openTok/Opentok.framework/Versions/A/Resources/opentok.bundle"; sourceTree = "<group>"; };
/* End PBXFileReference section */

/* Begin PBXFrameworksBuildPhase section */
		9FE20D0718524EA4004B116D /* Frameworks */ = {
			isa = PBXFrameworksBuildPhase;
			buildActionMask = 2147483647;
			files = (
				9F1664F11940E8CC004AD2AF /* libicucore.dylib in Frameworks */,
				F5A529151941513800FCD94B /* Opentok.framework in Frameworks */,
				9F1664EF1940E8AF004AD2AF /* CoreTelephony.framework in Frameworks */,
				9F1664EC1940E89A004AD2AF /* libstdc++.6.0.9.dylib in Frameworks */,
				9F1664ED1940E89A004AD2AF /* libstdc++.dylib in Frameworks */,
				9F1664E81940E401004AD2AF /* libxml2.dylib in Frameworks */,
				496B2090194245D200AEB5E6 /* Opentok.framework in Frameworks */,
				496B208B194245D200AEB5E6 /* libcrypto.a in Frameworks */,
				9FE20D1018524EA4004B116D /* CoreGraphics.framework in Frameworks */,
				9FE20D1218524EA4004B116D /* UIKit.framework in Frameworks */,
				9FE20D0E18524EA4004B116D /* Foundation.framework in Frameworks */,
			);
			runOnlyForDeploymentPostprocessing = 0;
		};
		9FE20D2218524EA4004B116D /* Frameworks */ = {
			isa = PBXFrameworksBuildPhase;
			buildActionMask = 2147483647;
			files = (
				9FE20D2718524EA4004B116D /* XCTest.framework in Frameworks */,
				9FE20D2918524EA4004B116D /* UIKit.framework in Frameworks */,
				9FE20D2818524EA4004B116D /* Foundation.framework in Frameworks */,
			);
			runOnlyForDeploymentPostprocessing = 0;
		};
/* End PBXFrameworksBuildPhase section */

/* Begin PBXGroup section */
		496B1FFF194245D200AEB5E6 /* ThirdParty */ = {
			isa = PBXGroup;
			children = (
				496B2000194245D200AEB5E6 /* AFNetworking */,
				496B2014194245D200AEB5E6 /* ObjectiveDDP */,
				496B206F194245D200AEB5E6 /* openTok */,
				496B2071194245D200AEB5E6 /* SocketIO */,
				496B207D194245D200AEB5E6 /* SocketRocket */,
			);
			path = ThirdParty;
			sourceTree = "<group>";
		};
		496B2000194245D200AEB5E6 /* AFNetworking */ = {
			isa = PBXGroup;
			children = (
				496B2001194245D200AEB5E6 /* AFHTTPRequestOperation.h */,
				496B2002194245D200AEB5E6 /* AFHTTPRequestOperation.m */,
				496B2003194245D200AEB5E6 /* AFHTTPRequestOperationManager.h */,
				496B2004194245D200AEB5E6 /* AFHTTPRequestOperationManager.m */,
				496B2005194245D200AEB5E6 /* AFHTTPSessionManager.h */,
				496B2006194245D200AEB5E6 /* AFHTTPSessionManager.m */,
				496B2007194245D200AEB5E6 /* AFNetworking.h */,
				496B2008194245D200AEB5E6 /* AFNetworkReachabilityManager.h */,
				496B2009194245D200AEB5E6 /* AFNetworkReachabilityManager.m */,
				496B200A194245D200AEB5E6 /* AFSecurityPolicy.h */,
				496B200B194245D200AEB5E6 /* AFSecurityPolicy.m */,
				496B200C194245D200AEB5E6 /* AFURLConnectionOperation.h */,
				496B200D194245D200AEB5E6 /* AFURLConnectionOperation.m */,
				496B200E194245D200AEB5E6 /* AFURLRequestSerialization.h */,
				496B200F194245D200AEB5E6 /* AFURLRequestSerialization.m */,
				496B2010194245D200AEB5E6 /* AFURLResponseSerialization.h */,
				496B2011194245D200AEB5E6 /* AFURLResponseSerialization.m */,
				496B2012194245D200AEB5E6 /* AFURLSessionManager.h */,
				496B2013194245D200AEB5E6 /* AFURLSessionManager.m */,
			);
			path = AFNetworking;
			sourceTree = "<group>";
		};
		496B2014194245D200AEB5E6 /* ObjectiveDDP */ = {
			isa = PBXGroup;
			children = (
				496B2015194245D200AEB5E6 /* BSONIdGenerator.h */,
				496B2016194245D200AEB5E6 /* BSONIdGenerator.m */,
				496B2017194245D200AEB5E6 /* DependencyProvider.h */,
				496B2018194245D200AEB5E6 /* DependencyProvider.m */,
				496B2019194245D200AEB5E6 /* libcrypto.a */,
				496B201A194245D200AEB5E6 /* MeteorClient+Parsing.m */,
				496B201B194245D200AEB5E6 /* MeteorClient+Private.h */,
				496B201C194245D200AEB5E6 /* MeteorClient.h */,
				496B201D194245D200AEB5E6 /* MeteorClient.m */,
				496B201E194245D200AEB5E6 /* ObjectiveDDP-Prefix.pch */,
				496B201F194245D200AEB5E6 /* ObjectiveDDP.h */,
				496B2020194245D200AEB5E6 /* ObjectiveDDP.m */,
				496B2021194245D200AEB5E6 /* openssl */,
				496B206C194245D200AEB5E6 /* srp */,
			);
			path = ObjectiveDDP;
			sourceTree = "<group>";
		};
		496B2021194245D200AEB5E6 /* openssl */ = {
			isa = PBXGroup;
			children = (
				496B2022194245D200AEB5E6 /* aes.h */,
				496B2023194245D200AEB5E6 /* asn1.h */,
				496B2024194245D200AEB5E6 /* asn1_mac.h */,
				496B2025194245D200AEB5E6 /* asn1t.h */,
				496B2026194245D200AEB5E6 /* bio.h */,
				496B2027194245D200AEB5E6 /* blowfish.h */,
				496B2028194245D200AEB5E6 /* bn.h */,
				496B2029194245D200AEB5E6 /* buffer.h */,
				496B202A194245D200AEB5E6 /* camellia.h */,
				496B202B194245D200AEB5E6 /* cast.h */,
				496B202C194245D200AEB5E6 /* cmac.h */,
				496B202D194245D200AEB5E6 /* cms.h */,
				496B202E194245D200AEB5E6 /* comp.h */,
				496B202F194245D200AEB5E6 /* conf.h */,
				496B2030194245D200AEB5E6 /* conf_api.h */,
				496B2031194245D200AEB5E6 /* crypto.h */,
				496B2032194245D200AEB5E6 /* des.h */,
				496B2033194245D200AEB5E6 /* des_old.h */,
				496B2034194245D200AEB5E6 /* dh.h */,
				496B2035194245D200AEB5E6 /* dsa.h */,
				496B2036194245D200AEB5E6 /* dso.h */,
				496B2037194245D200AEB5E6 /* dtls1.h */,
				496B2038194245D200AEB5E6 /* e_os2.h */,
				496B2039194245D200AEB5E6 /* ebcdic.h */,
				496B203A194245D200AEB5E6 /* ec.h */,
				496B203B194245D200AEB5E6 /* ecdh.h */,
				496B203C194245D200AEB5E6 /* ecdsa.h */,
				496B203D194245D200AEB5E6 /* engine.h */,
				496B203E194245D200AEB5E6 /* err.h */,
				496B203F194245D200AEB5E6 /* evp.h */,
				496B2040194245D200AEB5E6 /* hmac.h */,
				496B2041194245D200AEB5E6 /* idea.h */,
				496B2042194245D200AEB5E6 /* krb5_asn.h */,
				496B2043194245D200AEB5E6 /* kssl.h */,
				496B2044194245D200AEB5E6 /* lhash.h */,
				496B2045194245D200AEB5E6 /* md4.h */,
				496B2046194245D200AEB5E6 /* md5.h */,
				496B2047194245D200AEB5E6 /* mdc2.h */,
				496B2048194245D200AEB5E6 /* modes.h */,
				496B2049194245D200AEB5E6 /* obj_mac.h */,
				496B204A194245D200AEB5E6 /* objects.h */,
				496B204B194245D200AEB5E6 /* ocsp.h */,
				496B204C194245D200AEB5E6 /* opensslconf.h */,
				496B204D194245D200AEB5E6 /* opensslv.h */,
				496B204E194245D200AEB5E6 /* ossl_typ.h */,
				496B204F194245D200AEB5E6 /* pem.h */,
				496B2050194245D200AEB5E6 /* pem2.h */,
				496B2051194245D200AEB5E6 /* pkcs12.h */,
				496B2052194245D200AEB5E6 /* pkcs7.h */,
				496B2053194245D200AEB5E6 /* pqueue.h */,
				496B2054194245D200AEB5E6 /* rand.h */,
				496B2055194245D200AEB5E6 /* rc2.h */,
				496B2056194245D200AEB5E6 /* rc4.h */,
				496B2057194245D200AEB5E6 /* ripemd.h */,
				496B2058194245D200AEB5E6 /* rsa.h */,
				496B2059194245D200AEB5E6 /* safestack.h */,
				496B205A194245D200AEB5E6 /* seed.h */,
				496B205B194245D200AEB5E6 /* sha.h */,
				496B205C194245D200AEB5E6 /* srtp.h */,
				496B205D194245D200AEB5E6 /* ssl.h */,
				496B205E194245D200AEB5E6 /* ssl2.h */,
				496B205F194245D200AEB5E6 /* ssl23.h */,
				496B2060194245D200AEB5E6 /* ssl3.h */,
				496B2061194245D200AEB5E6 /* stack.h */,
				496B2062194245D200AEB5E6 /* symhacks.h */,
				496B2063194245D200AEB5E6 /* tls1.h */,
				496B2064194245D200AEB5E6 /* ts.h */,
				496B2065194245D200AEB5E6 /* txt_db.h */,
				496B2066194245D200AEB5E6 /* ui.h */,
				496B2067194245D200AEB5E6 /* ui_compat.h */,
				496B2068194245D200AEB5E6 /* whrlpool.h */,
				496B2069194245D200AEB5E6 /* x509.h */,
				496B206A194245D200AEB5E6 /* x509_vfy.h */,
				496B206B194245D200AEB5E6 /* x509v3.h */,
			);
			path = openssl;
			sourceTree = "<group>";
		};
		496B206C194245D200AEB5E6 /* srp */ = {
			isa = PBXGroup;
			children = (
				496B206D194245D200AEB5E6 /* srp.c */,
				496B206E194245D200AEB5E6 /* srp.h */,
			);
			path = srp;
			sourceTree = "<group>";
		};
		496B206F194245D200AEB5E6 /* openTok */ = {
			isa = PBXGroup;
			children = (
				496B2070194245D200AEB5E6 /* Opentok.framework */,
			);
			path = openTok;
			sourceTree = "<group>";
		};
		496B2071194245D200AEB5E6 /* SocketIO */ = {
			isa = PBXGroup;
			children = (
				496B2072194245D200AEB5E6 /* SocketIO.h */,
				496B2073194245D200AEB5E6 /* SocketIO.m */,
				496B2074194245D200AEB5E6 /* SocketIOJSONSerialization.h */,
				496B2075194245D200AEB5E6 /* SocketIOJSONSerialization.m */,
				496B2076194245D200AEB5E6 /* SocketIOPacket.h */,
				496B2077194245D200AEB5E6 /* SocketIOPacket.m */,
				496B2078194245D200AEB5E6 /* SocketIOTransport.h */,
				496B2079194245D200AEB5E6 /* SocketIOTransportWebsocket.h */,
				496B207A194245D200AEB5E6 /* SocketIOTransportWebsocket.m */,
				496B207B194245D200AEB5E6 /* SocketIOTransportXHR.h */,
				496B207C194245D200AEB5E6 /* SocketIOTransportXHR.m */,
			);
			path = SocketIO;
			sourceTree = "<group>";
		};
		496B207D194245D200AEB5E6 /* SocketRocket */ = {
			isa = PBXGroup;
			children = (
				496B207E194245D200AEB5E6 /* SRWebSocket.h */,
				496B207F194245D200AEB5E6 /* SRWebSocket.m */,
			);
			path = SocketRocket;
			sourceTree = "<group>";
		};
		9F1664451940E299004AD2AF /* Ringo */ = {
			isa = PBXGroup;
			children = (
				9F1664F41940EA0B004AD2AF /* speak_animation */,
				9F1664F21940E9CD004AD2AF /* bg_video.png */,
				9F1664501940E299004AD2AF /* RGOOpenTokApiClient.h */,
				9F1664511940E299004AD2AF /* RGOOpenTokApiClient.m */,
				9F1664561940E299004AD2AF /* RGOOverlayWindow.h */,
				9F1664571940E299004AD2AF /* RGOOverlayWindow.m */,
				9F16645A1940E299004AD2AF /* RGOScreenCaptureThread.h */,
				9F16645B1940E299004AD2AF /* RGOScreenCaptureThread.m */,
				9F1664661940E299004AD2AF /* RGOVideoViewController.h */,
				9F1664671940E299004AD2AF /* RGOVideoViewController.m */,
				9F1664701940E299004AD2AF /* Ringo.h */,
				9F1664711940E299004AD2AF /* Ringo.m */,
				9F1664721940E299004AD2AF /* Views */,
			);
			path = Ringo;
			sourceTree = "<group>";
		};
		9F1664721940E299004AD2AF /* Views */ = {
			isa = PBXGroup;
			children = (
				9F1664771940E299004AD2AF /* RGODraggableView.h */,
				9F1664781940E299004AD2AF /* RGODraggableView.m */,
			);
			path = Views;
			sourceTree = "<group>";
		};
		9F1664F41940EA0B004AD2AF /* speak_animation */ = {
			isa = PBXGroup;
			children = (
				9F1664F51940EA0B004AD2AF /* 0.gif */,
				9F1664F61940EA0B004AD2AF /* 1.gif */,
				9F1664F71940EA0B004AD2AF /* 10.gif */,
				9F1664F81940EA0B004AD2AF /* 11.gif */,
				9F1664F91940EA0B004AD2AF /* 12.gif */,
				9F1664FA1940EA0B004AD2AF /* 13.gif */,
				9F1664FB1940EA0B004AD2AF /* 14.gif */,
				9F1664FC1940EA0B004AD2AF /* 15.gif */,
				9F1664FD1940EA0B004AD2AF /* 16.gif */,
				9F1664FE1940EA0B004AD2AF /* 17.gif */,
				9F1664FF1940EA0B004AD2AF /* 18.gif */,
				9F1665001940EA0B004AD2AF /* 19.gif */,
				9F1665011940EA0B004AD2AF /* 2.gif */,
				9F1665021940EA0B004AD2AF /* 20.gif */,
				9F1665031940EA0B004AD2AF /* 21.gif */,
				9F1665041940EA0B004AD2AF /* 22.gif */,
				9F1665051940EA0B004AD2AF /* 23.gif */,
				9F1665061940EA0B004AD2AF /* 24.gif */,
				9F1665071940EA0B004AD2AF /* 25.gif */,
				9F1665081940EA0B004AD2AF /* 26.gif */,
				9F1665091940EA0B004AD2AF /* 27.gif */,
				9F16650A1940EA0B004AD2AF /* 28.gif */,
				9F16650B1940EA0B004AD2AF /* 29.gif */,
				9F16650C1940EA0B004AD2AF /* 3.gif */,
				9F16650D1940EA0B004AD2AF /* 30.gif */,
				9F16650E1940EA0B004AD2AF /* 31.gif */,
				9F16650F1940EA0B004AD2AF /* 4.gif */,
				9F1665101940EA0B004AD2AF /* 5.gif */,
				9F1665111940EA0B004AD2AF /* 6.gif */,
				9F1665121940EA0B004AD2AF /* 7.gif */,
				9F1665131940EA0B004AD2AF /* 8.gif */,
				9F1665141940EA0B004AD2AF /* 9.gif */,
			);
			path = speak_animation;
			sourceTree = "<group>";
		};
		9FE20D0118524EA4004B116D = {
			isa = PBXGroup;
			children = (
				496B1FFF194245D200AEB5E6 /* ThirdParty */,
				9F1664451940E299004AD2AF /* Ringo */,
				9FE20D1318524EA4004B116D /* AwesomeApp */,
				9FE20D2C18524EA4004B116D /* AwesomeAppTests */,
				9FE20D0C18524EA4004B116D /* Frameworks */,
				9FE20D0B18524EA4004B116D /* Products */,
			);
			sourceTree = "<group>";
		};
		9FE20D0B18524EA4004B116D /* Products */ = {
			isa = PBXGroup;
			children = (
				9FE20D0A18524EA4004B116D /* AwesomeApp.app */,
				9FE20D2518524EA4004B116D /* AwesomeAppTests.xctest */,
			);
			name = Products;
			sourceTree = "<group>";
		};
		9FE20D0C18524EA4004B116D /* Frameworks */ = {
			isa = PBXGroup;
			children = (
				9F1664F01940E8CC004AD2AF /* libicucore.dylib */,
				9F1664EE1940E8AF004AD2AF /* CoreTelephony.framework */,
				9F1664EA1940E89A004AD2AF /* libstdc++.6.0.9.dylib */,
				9F1664EB1940E89A004AD2AF /* libstdc++.dylib */,
				9F1664E71940E401004AD2AF /* libxml2.dylib */,
				F5A529161941514900FCD94B /* opentok.bundle */,
				F5A529141941513800FCD94B /* Opentok.framework */,
				9FE20D0D18524EA4004B116D /* Foundation.framework */,
				9FE20D0F18524EA4004B116D /* CoreGraphics.framework */,
				9FE20D1118524EA4004B116D /* UIKit.framework */,
				9FE20D2618524EA4004B116D /* XCTest.framework */,
			);
			name = Frameworks;
			sourceTree = "<group>";
		};
		9FE20D1318524EA4004B116D /* AwesomeApp */ = {
			isa = PBXGroup;
			children = (
				9FE20D3D18524EC2004B116D /* RP_MainViewController.h */,
				9FE20D1C18524EA4004B116D /* RP_AppDelegate.h */,
				9FE20D1D18524EA4004B116D /* RP_AppDelegate.m */,
				9FE20D1F18524EA4004B116D /* Images.xcassets */,
				9FE20D3C18524EC2004B116D /* RP_MainViewController.m */,
				9FE20D1418524EA4004B116D /* Supporting Files */,
			);
			path = AwesomeApp;
			sourceTree = "<group>";
		};
		9FE20D1418524EA4004B116D /* Supporting Files */ = {
			isa = PBXGroup;
			children = (
				9FE20D1518524EA4004B116D /* AwesomeApp-Info.plist */,
				9FE20D1618524EA4004B116D /* InfoPlist.strings */,
				9FE20D1918524EA4004B116D /* main.m */,
				9FE20D1B18524EA4004B116D /* AwesomeApp-Prefix.pch */,
			);
			name = "Supporting Files";
			sourceTree = "<group>";
		};
		9FE20D2C18524EA4004B116D /* AwesomeAppTests */ = {
			isa = PBXGroup;
			children = (
				9FE20D3218524EA4004B116D /* AwesomeAppTests.m */,
				9FE20D2D18524EA4004B116D /* Supporting Files */,
			);
			path = AwesomeAppTests;
			sourceTree = "<group>";
		};
		9FE20D2D18524EA4004B116D /* Supporting Files */ = {
			isa = PBXGroup;
			children = (
				9FE20D2E18524EA4004B116D /* AwesomeAppTests-Info.plist */,
				9FE20D2F18524EA4004B116D /* InfoPlist.strings */,
			);
			name = "Supporting Files";
			sourceTree = "<group>";
		};
/* End PBXGroup section */

/* Begin PBXNativeTarget section */
		9FE20D0918524EA4004B116D /* AwesomeApp */ = {
			isa = PBXNativeTarget;
			buildConfigurationList = 9FE20D3618524EA4004B116D /* Build configuration list for PBXNativeTarget "AwesomeApp" */;
			buildPhases = (
				9FE20D0618524EA4004B116D /* Sources */,
				9FE20D0718524EA4004B116D /* Frameworks */,
				9FE20D0818524EA4004B116D /* Resources */,
			);
			buildRules = (
			);
			dependencies = (
			);
			name = AwesomeApp;
			productName = AwesomeApp;
			productReference = 9FE20D0A18524EA4004B116D /* AwesomeApp.app */;
			productType = "com.apple.product-type.application";
		};
		9FE20D2418524EA4004B116D /* AwesomeAppTests */ = {
			isa = PBXNativeTarget;
			buildConfigurationList = 9FE20D3918524EA4004B116D /* Build configuration list for PBXNativeTarget "AwesomeAppTests" */;
			buildPhases = (
				9FE20D2118524EA4004B116D /* Sources */,
				9FE20D2218524EA4004B116D /* Frameworks */,
				9FE20D2318524EA4004B116D /* Resources */,
			);
			buildRules = (
			);
			dependencies = (
				9FE20D2B18524EA4004B116D /* PBXTargetDependency */,
			);
			name = AwesomeAppTests;
			productName = AwesomeAppTests;
			productReference = 9FE20D2518524EA4004B116D /* AwesomeAppTests.xctest */;
			productType = "com.apple.product-type.bundle.unit-test";
		};
/* End PBXNativeTarget section */

/* Begin PBXProject section */
		9FE20D0218524EA4004B116D /* Project object */ = {
			isa = PBXProject;
			attributes = {
				CLASSPREFIX = RP_;
				LastUpgradeCheck = 0510;
				ORGANIZATIONNAME = "Jean-Philippe Joyal";
				TargetAttributes = {
					9FE20D0918524EA4004B116D = {
						DevelopmentTeam = 3PQS6L553X;
					};
					9FE20D2418524EA4004B116D = {
						TestTargetID = 9FE20D0918524EA4004B116D;
					};
				};
			};
			buildConfigurationList = 9FE20D0518524EA4004B116D /* Build configuration list for PBXProject "AwesomeApp" */;
			compatibilityVersion = "Xcode 3.2";
			developmentRegion = English;
			hasScannedForEncodings = 0;
			knownRegions = (
				en,
			);
			mainGroup = 9FE20D0118524EA4004B116D;
			productRefGroup = 9FE20D0B18524EA4004B116D /* Products */;
			projectDirPath = "";
			projectRoot = "";
			targets = (
				9FE20D0918524EA4004B116D /* AwesomeApp */,
				9FE20D2418524EA4004B116D /* AwesomeAppTests */,
			);
		};
/* End PBXProject section */

/* Begin PBXResourcesBuildPhase section */
		9FE20D0818524EA4004B116D /* Resources */ = {
			isa = PBXResourcesBuildPhase;
			buildActionMask = 2147483647;
			files = (
				9F1665301940EA0B004AD2AF /* 5.gif in Resources */,
				9F1665321940EA0B004AD2AF /* 7.gif in Resources */,
				9F1665341940EA0B004AD2AF /* 9.gif in Resources */,
				9F16651E1940EA0B004AD2AF /* 17.gif in Resources */,
				9F16651C1940EA0B004AD2AF /* 15.gif in Resources */,
				9F1665201940EA0B004AD2AF /* 19.gif in Resources */,
				F5A529171941514900FCD94B /* opentok.bundle in Resources */,
				9F1665241940EA0B004AD2AF /* 22.gif in Resources */,
				9F16652C1940EA0B004AD2AF /* 3.gif in Resources */,
				9F1665211940EA0B004AD2AF /* 2.gif in Resources */,
				9F1665231940EA0B004AD2AF /* 21.gif in Resources */,
				9F16651F1940EA0B004AD2AF /* 18.gif in Resources */,
				9FE20D1818524EA4004B116D /* InfoPlist.strings in Resources */,
				9F1665271940EA0B004AD2AF /* 25.gif in Resources */,
				9F1665261940EA0B004AD2AF /* 24.gif in Resources */,
				9F1664F31940E9CD004AD2AF /* bg_video.png in Resources */,
				9F16651B1940EA0B004AD2AF /* 14.gif in Resources */,
				9F1665291940EA0B004AD2AF /* 27.gif in Resources */,
				9F16652D1940EA0B004AD2AF /* 30.gif in Resources */,
				9F1665171940EA0B004AD2AF /* 10.gif in Resources */,
				9F1665151940EA0B004AD2AF /* 0.gif in Resources */,
				9F1665311940EA0B004AD2AF /* 6.gif in Resources */,
				9F1665331940EA0B004AD2AF /* 8.gif in Resources */,
				9F1665281940EA0B004AD2AF /* 26.gif in Resources */,
				9F16652B1940EA0B004AD2AF /* 29.gif in Resources */,
				9F16651A1940EA0B004AD2AF /* 13.gif in Resources */,
				9F16652E1940EA0B004AD2AF /* 31.gif in Resources */,
				9F1665191940EA0B004AD2AF /* 12.gif in Resources */,
				9F1665251940EA0B004AD2AF /* 23.gif in Resources */,
				9F1665161940EA0B004AD2AF /* 1.gif in Resources */,
				9F16652A1940EA0B004AD2AF /* 28.gif in Resources */,
				9F1665221940EA0B004AD2AF /* 20.gif in Resources */,
				9F1665181940EA0B004AD2AF /* 11.gif in Resources */,
				9F16652F1940EA0B004AD2AF /* 4.gif in Resources */,
				9FE20D2018524EA4004B116D /* Images.xcassets in Resources */,
				9F16651D1940EA0B004AD2AF /* 16.gif in Resources */,
			);
			runOnlyForDeploymentPostprocessing = 0;
		};
		9FE20D2318524EA4004B116D /* Resources */ = {
			isa = PBXResourcesBuildPhase;
			buildActionMask = 2147483647;
			files = (
				9FE20D3118524EA4004B116D /* InfoPlist.strings in Resources */,
			);
			runOnlyForDeploymentPostprocessing = 0;
		};
/* End PBXResourcesBuildPhase section */

/* Begin PBXSourcesBuildPhase section */
		9FE20D0618524EA4004B116D /* Sources */ = {
			isa = PBXSourcesBuildPhase;
			buildActionMask = 2147483647;
			files = (
				496B2084194245D200AEB5E6 /* AFSecurityPolicy.m in Sources */,
				9F16648D1940E299004AD2AF /* RGOScreenCaptureThread.m in Sources */,
				496B2083194245D200AEB5E6 /* AFNetworkReachabilityManager.m in Sources */,
				496B208F194245D200AEB5E6 /* srp.c in Sources */,
				9F16649A1940E299004AD2AF /* RGODraggableView.m in Sources */,
				496B2085194245D200AEB5E6 /* AFURLConnectionOperation.m in Sources */,
				496B208A194245D200AEB5E6 /* DependencyProvider.m in Sources */,
				496B2080194245D200AEB5E6 /* AFHTTPRequestOperation.m in Sources */,
				496B2094194245D200AEB5E6 /* SocketIOTransportWebsocket.m in Sources */,
				496B2082194245D200AEB5E6 /* AFHTTPSessionManager.m in Sources */,
				496B208E194245D200AEB5E6 /* ObjectiveDDP.m in Sources */,
				496B208D194245D200AEB5E6 /* MeteorClient.m in Sources */,
				496B2096194245D200AEB5E6 /* SRWebSocket.m in Sources */,
				496B2086194245D200AEB5E6 /* AFURLRequestSerialization.m in Sources */,
				9F1664881940E299004AD2AF /* RGOOpenTokApiClient.m in Sources */,
				496B2088194245D200AEB5E6 /* AFURLSessionManager.m in Sources */,
				496B208C194245D200AEB5E6 /* MeteorClient+Parsing.m in Sources */,
				9FE20D1E18524EA4004B116D /* RP_AppDelegate.m in Sources */,
				496B2081194245D200AEB5E6 /* AFHTTPRequestOperationManager.m in Sources */,
				496B2095194245D200AEB5E6 /* SocketIOTransportXHR.m in Sources */,
				496B2093194245D200AEB5E6 /* SocketIOPacket.m in Sources */,
				9F16648B1940E299004AD2AF /* RGOOverlayWindow.m in Sources */,
				496B2087194245D200AEB5E6 /* AFURLResponseSerialization.m in Sources */,
				496B2092194245D200AEB5E6 /* SocketIOJSONSerialization.m in Sources */,
				496B2091194245D200AEB5E6 /* SocketIO.m in Sources */,
				9F1664931940E299004AD2AF /* RGOVideoViewController.m in Sources */,
				496B2089194245D200AEB5E6 /* BSONIdGenerator.m in Sources */,
				9F1664971940E299004AD2AF /* Ringo.m in Sources */,
				9FE20D1A18524EA4004B116D /* main.m in Sources */,
				9FE20D3E18524EC2004B116D /* RP_MainViewController.m in Sources */,
			);
			runOnlyForDeploymentPostprocessing = 0;
		};
		9FE20D2118524EA4004B116D /* Sources */ = {
			isa = PBXSourcesBuildPhase;
			buildActionMask = 2147483647;
			files = (
				9FE20D3318524EA4004B116D /* AwesomeAppTests.m in Sources */,
			);
			runOnlyForDeploymentPostprocessing = 0;
		};
/* End PBXSourcesBuildPhase section */

/* Begin PBXTargetDependency section */
		9FE20D2B18524EA4004B116D /* PBXTargetDependency */ = {
			isa = PBXTargetDependency;
			target = 9FE20D0918524EA4004B116D /* AwesomeApp */;
			targetProxy = 9FE20D2A18524EA4004B116D /* PBXContainerItemProxy */;
		};
/* End PBXTargetDependency section */

/* Begin PBXVariantGroup section */
		9FE20D1618524EA4004B116D /* InfoPlist.strings */ = {
			isa = PBXVariantGroup;
			children = (
				9FE20D1718524EA4004B116D /* en */,
			);
			name = InfoPlist.strings;
			sourceTree = "<group>";
		};
		9FE20D2F18524EA4004B116D /* InfoPlist.strings */ = {
			isa = PBXVariantGroup;
			children = (
				9FE20D3018524EA4004B116D /* en */,
			);
			name = InfoPlist.strings;
			sourceTree = "<group>";
		};
/* End PBXVariantGroup section */

/* Begin XCBuildConfiguration section */
		9FE20D3418524EA4004B116D /* Debug */ = {
			isa = XCBuildConfiguration;
			buildSettings = {
				ALWAYS_SEARCH_USER_PATHS = NO;
				ARCHS = "$(ARCHS_STANDARD_32_BIT)";
				CLANG_CXX_LANGUAGE_STANDARD = "gnu++0x";
				CLANG_CXX_LIBRARY = "libc++";
				CLANG_ENABLE_MODULES = YES;
				CLANG_ENABLE_OBJC_ARC = YES;
				CLANG_WARN_BOOL_CONVERSION = YES;
				CLANG_WARN_CONSTANT_CONVERSION = YES;
				CLANG_WARN_DIRECT_OBJC_ISA_USAGE = YES_ERROR;
				CLANG_WARN_EMPTY_BODY = YES;
				CLANG_WARN_ENUM_CONVERSION = YES;
				CLANG_WARN_INT_CONVERSION = YES;
				CLANG_WARN_OBJC_ROOT_CLASS = YES_ERROR;
				CLANG_WARN__DUPLICATE_METHOD_MATCH = YES;
				"CODE_SIGN_IDENTITY[sdk=iphoneos*]" = "iPhone Developer";
				COPY_PHASE_STRIP = NO;
				GCC_C_LANGUAGE_STANDARD = gnu99;
				GCC_DYNAMIC_NO_PIC = NO;
				GCC_OPTIMIZATION_LEVEL = 0;
				GCC_PREPROCESSOR_DEFINITIONS = (
					"DEBUG=1",
					"$(inherited)",
				);
				GCC_SYMBOLS_PRIVATE_EXTERN = NO;
				GCC_WARN_64_TO_32_BIT_CONVERSION = YES;
				GCC_WARN_ABOUT_RETURN_TYPE = YES_ERROR;
				GCC_WARN_UNDECLARED_SELECTOR = YES;
				GCC_WARN_UNINITIALIZED_AUTOS = YES;
				GCC_WARN_UNUSED_FUNCTION = YES;
				GCC_WARN_UNUSED_VARIABLE = YES;
				IPHONEOS_DEPLOYMENT_TARGET = 7.0;
				ONLY_ACTIVE_ARCH = YES;
				SDKROOT = iphoneos;
			};
			name = Debug;
		};
		9FE20D3518524EA4004B116D /* Release */ = {
			isa = XCBuildConfiguration;
			buildSettings = {
				ALWAYS_SEARCH_USER_PATHS = NO;
				ARCHS = "$(ARCHS_STANDARD_32_BIT)";
				CLANG_CXX_LANGUAGE_STANDARD = "gnu++0x";
				CLANG_CXX_LIBRARY = "libc++";
				CLANG_ENABLE_MODULES = YES;
				CLANG_ENABLE_OBJC_ARC = YES;
				CLANG_WARN_BOOL_CONVERSION = YES;
				CLANG_WARN_CONSTANT_CONVERSION = YES;
				CLANG_WARN_DIRECT_OBJC_ISA_USAGE = YES_ERROR;
				CLANG_WARN_EMPTY_BODY = YES;
				CLANG_WARN_ENUM_CONVERSION = YES;
				CLANG_WARN_INT_CONVERSION = YES;
				CLANG_WARN_OBJC_ROOT_CLASS = YES_ERROR;
				CLANG_WARN__DUPLICATE_METHOD_MATCH = YES;
				"CODE_SIGN_IDENTITY[sdk=iphoneos*]" = "iPhone Developer";
				COPY_PHASE_STRIP = YES;
				ENABLE_NS_ASSERTIONS = NO;
				GCC_C_LANGUAGE_STANDARD = gnu99;
				GCC_WARN_64_TO_32_BIT_CONVERSION = YES;
				GCC_WARN_ABOUT_RETURN_TYPE = YES_ERROR;
				GCC_WARN_UNDECLARED_SELECTOR = YES;
				GCC_WARN_UNINITIALIZED_AUTOS = YES;
				GCC_WARN_UNUSED_FUNCTION = YES;
				GCC_WARN_UNUSED_VARIABLE = YES;
				IPHONEOS_DEPLOYMENT_TARGET = 7.0;
				SDKROOT = iphoneos;
				VALIDATE_PRODUCT = YES;
			};
			name = Release;
		};
		9FE20D3718524EA4004B116D /* Debug */ = {
			isa = XCBuildConfiguration;
			buildSettings = {
				ALWAYS_SEARCH_USER_PATHS = YES;
				ASSETCATALOG_COMPILER_APPICON_NAME = AppIcon;
				ASSETCATALOG_COMPILER_LAUNCHIMAGE_NAME = LaunchImage;
				CODE_SIGN_IDENTITY = "iPhone Developer";
				"CODE_SIGN_IDENTITY[sdk=iphoneos*]" = "iPhone Developer";
				FRAMEWORK_SEARCH_PATHS = (
					"$(inherited)",
					"$(PROJECT_DIR)/openTok",
					"$(PROJECT_DIR)/Ringo/ThirdParty",
					"$(PROJECT_DIR)/ThirdParty/openTok",
				);
				GCC_PRECOMPILE_PREFIX_HEADER = YES;
				GCC_PREFIX_HEADER = "AwesomeApp/AwesomeApp-Prefix.pch";
				HEADER_SEARCH_PATHS = (
					"$(inherited)",
					/Applications/Xcode.app/Contents/Developer/Toolchains/XcodeDefault.xctoolchain/usr/include,
					"$(SRCROOT)/**",
				);
				INFOPLIST_FILE = "AwesomeApp/AwesomeApp-Info.plist";
				IPHONEOS_DEPLOYMENT_TARGET = 7.1;
				LIBRARY_SEARCH_PATHS = (
					"$(inherited)",
					"$(PROJECT_DIR)/ThirdParty/ObjectiveDDP",
				);
				PRODUCT_NAME = "$(TARGET_NAME)";
				PROVISIONING_PROFILE = "";
				TARGETED_DEVICE_FAMILY = "1,2";
				WRAPPER_EXTENSION = app;
			};
			name = Debug;
		};
		9FE20D3818524EA4004B116D /* Release */ = {
			isa = XCBuildConfiguration;
			buildSettings = {
				ALWAYS_SEARCH_USER_PATHS = YES;
				ASSETCATALOG_COMPILER_APPICON_NAME = AppIcon;
				ASSETCATALOG_COMPILER_LAUNCHIMAGE_NAME = LaunchImage;
				CODE_SIGN_IDENTITY = "iPhone Developer";
				"CODE_SIGN_IDENTITY[sdk=iphoneos*]" = "iPhone Developer";
				FRAMEWORK_SEARCH_PATHS = (
					"$(inherited)",
					"$(PROJECT_DIR)/openTok",
					"$(PROJECT_DIR)/Ringo/ThirdParty",
					"$(PROJECT_DIR)/ThirdParty/openTok",
				);
				GCC_PRECOMPILE_PREFIX_HEADER = YES;
				GCC_PREFIX_HEADER = "AwesomeApp/AwesomeApp-Prefix.pch";
				HEADER_SEARCH_PATHS = (
					"$(inherited)",
					/Applications/Xcode.app/Contents/Developer/Toolchains/XcodeDefault.xctoolchain/usr/include,
					"$(SRCROOT)/**",
				);
				INFOPLIST_FILE = "AwesomeApp/AwesomeApp-Info.plist";
				IPHONEOS_DEPLOYMENT_TARGET = 7.1;
				LIBRARY_SEARCH_PATHS = (
					"$(inherited)",
					"$(PROJECT_DIR)/ThirdParty/ObjectiveDDP",
				);
				PRODUCT_NAME = "$(TARGET_NAME)";
				PROVISIONING_PROFILE = "";
				TARGETED_DEVICE_FAMILY = "1,2";
				WRAPPER_EXTENSION = app;
			};
			name = Release;
		};
		9FE20D3A18524EA4004B116D /* Debug */ = {
			isa = XCBuildConfiguration;
			buildSettings = {
				BUNDLE_LOADER = "$(BUILT_PRODUCTS_DIR)/AwesomeApp.app/AwesomeApp";
				FRAMEWORK_SEARCH_PATHS = (
					"$(SDKROOT)/Developer/Library/Frameworks",
					"$(inherited)",
					"$(DEVELOPER_FRAMEWORKS_DIR)",
				);
				GCC_PRECOMPILE_PREFIX_HEADER = YES;
				GCC_PREFIX_HEADER = "AwesomeApp/AwesomeApp-Prefix.pch";
				GCC_PREPROCESSOR_DEFINITIONS = (
					"DEBUG=1",
					"$(inherited)",
				);
				INFOPLIST_FILE = "AwesomeAppTests/AwesomeAppTests-Info.plist";
				PRODUCT_NAME = "$(TARGET_NAME)";
				TEST_HOST = "$(BUNDLE_LOADER)";
				WRAPPER_EXTENSION = xctest;
			};
			name = Debug;
		};
		9FE20D3B18524EA4004B116D /* Release */ = {
			isa = XCBuildConfiguration;
			buildSettings = {
				BUNDLE_LOADER = "$(BUILT_PRODUCTS_DIR)/AwesomeApp.app/AwesomeApp";
				FRAMEWORK_SEARCH_PATHS = (
					"$(SDKROOT)/Developer/Library/Frameworks",
					"$(inherited)",
					"$(DEVELOPER_FRAMEWORKS_DIR)",
				);
				GCC_PRECOMPILE_PREFIX_HEADER = YES;
				GCC_PREFIX_HEADER = "AwesomeApp/AwesomeApp-Prefix.pch";
				INFOPLIST_FILE = "AwesomeAppTests/AwesomeAppTests-Info.plist";
				PRODUCT_NAME = "$(TARGET_NAME)";
				TEST_HOST = "$(BUNDLE_LOADER)";
				WRAPPER_EXTENSION = xctest;
			};
			name = Release;
		};
/* End XCBuildConfiguration section */

/* Begin XCConfigurationList section */
		9FE20D0518524EA4004B116D /* Build configuration list for PBXProject "AwesomeApp" */ = {
			isa = XCConfigurationList;
			buildConfigurations = (
				9FE20D3418524EA4004B116D /* Debug */,
				9FE20D3518524EA4004B116D /* Release */,
			);
			defaultConfigurationIsVisible = 0;
			defaultConfigurationName = Release;
		};
		9FE20D3618524EA4004B116D /* Build configuration list for PBXNativeTarget "AwesomeApp" */ = {
			isa = XCConfigurationList;
			buildConfigurations = (
				9FE20D3718524EA4004B116D /* Debug */,
				9FE20D3818524EA4004B116D /* Release */,
			);
			defaultConfigurationIsVisible = 0;
			defaultConfigurationName = Release;
		};
		9FE20D3918524EA4004B116D /* Build configuration list for PBXNativeTarget "AwesomeAppTests" */ = {
			isa = XCConfigurationList;
			buildConfigurations = (
				9FE20D3A18524EA4004B116D /* Debug */,
				9FE20D3B18524EA4004B116D /* Release */,
			);
			defaultConfigurationIsVisible = 0;
			defaultConfigurationName = Release;
		};
/* End XCConfigurationList section */
	};
	rootObject = 9FE20D0218524EA4004B116D /* Project object */;
}
